
Microsoft Visual Studio Solution File, Format Version 12.00
# Visual Studio Version 16
VisualStudioVersion = 16.0.30114.105
MinimumVisualStudioVersion = 10.0.40219.1
Project("{F2A71F9B-5D33-465A-A702-920D77279786}") = "AdventOfCode2021", "AdventOfCode2021\AdventOfCode2021.fsproj", "{817D0DB6-DD86-4A29-99A0-98368D0EB257}"
EndProject
Project("{F2A71F9B-5D33-465A-A702-920D77279786}") = "AdventOfCode2021.Tests", "AdventOfCode2021.Tests\AdventOfCode2021.Tests.fsproj", "{5F7DA947-6A8D-45F1-8988-21B072C0C2CE}"
EndProject
Global
	GlobalSection(SolutionConfigurationPlatforms) = preSolution
		Debug|Any CPU = Debug|Any CPU
		Release|Any CPU = Release|Any CPU
	EndGlobalSection
	GlobalSection(SolutionProperties) = preSolution
		HideSolutionNode = FALSE
	EndGlobalSection
	GlobalSection(ProjectConfigurationPlatforms) = postSolution
		{817D0DB6-DD86-4A29-99A0-98368D0EB257}.Debug|Any CPU.ActiveCfg = Debug|Any CPU
		{817D0DB6-DD86-4A29-99A0-98368D0EB257}.Debug|Any CPU.Build.0 = Debug|Any CPU
		{817D0DB6-DD86-4A29-99A0-98368D0EB257}.Release|Any CPU.ActiveCfg = Release|Any CPU
		{817D0DB6-DD86-4A29-99A0-98368D0EB257}.Release|Any CPU.Build.0 = Release|Any CPU
		{5F7DA947-6A8D-45F1-8988-21B072C0C2CE}.Debug|Any CPU.ActiveCfg = Debug|Any CPU
		{5F7DA947-6A8D-45F1-8988-21B072C0C2CE}.Debug|Any CPU.Build.0 = Debug|Any CPU
		{5F7DA947-6A8D-45F1-8988-21B072C0C2CE}.Release|Any CPU.ActiveCfg = Release|Any CPU
		{5F7DA947-6A8D-45F1-8988-21B072C0C2CE}.Release|Any CPU.Build.0 = Release|Any CPU
	EndGlobalSection
EndGlobal
